
Microsoft Visual Studio Solution File, Format Version 12.00
# Visual Studio Version 17
VisualStudioVersion = 17.8.34309.116
MinimumVisualStudioVersion = 10.0.40219.1
Project("{FAE04EC0-301F-11D3-BF4B-00C04F79EFBC}") = "GitDemo", "GitDemo\GitDemo.csproj", "{374F8923-6EF9-4EB1-91A1-7A9DBF25D605}"
EndProject
Global
	GlobalSection(SolutionConfigurationPlatforms) = preSolution
		Debug|Any CPU = Debug|Any CPU
		Release|Any CPU = Release|Any CPU
	EndGlobalSection
	GlobalSection(ProjectConfigurationPlatforms) = postSolution
		{374F8923-6EF9-4EB1-91A1-7A9DBF25D605}.Debug|Any CPU.ActiveCfg = Debug|Any CPU
		{374F8923-6EF9-4EB1-91A1-7A9DBF25D605}.Debug|Any CPU.Build.0 = Debug|Any CPU
		{374F8923-6EF9-4EB1-91A1-7A9DBF25D605}.Release|Any CPU.ActiveCfg = Release|Any CPU
		{374F8923-6EF9-4EB1-91A1-7A9DBF25D605}.Release|Any CPU.Build.0 = Release|Any CPU
	EndGlobalSection
	GlobalSection(SolutionProperties) = preSolution
		HideSolutionNode = FALSE
	EndGlobalSection
	GlobalSection(ExtensibilityGlobals) = postSolution
		SolutionGuid = {F086CD86-A7DB-41D2-9127-EDAEE3CB170B}
	EndGlobalSection
EndGlobal
